{
  "name": "ng-codemirror",
  "version": "15.0.0",
  "lockfileVersion": 2,
  "requires": true,
  "packages": {
    "": {
      "name": "ng-codemirror",
      "version": "15.0.0",
      "dependencies": {
        "tslib": "^2.3.0"
      },
      "peerDependencies": {
        "@angular/common": "^16.2.1",
        "@angular/core": "^16.2.1",
        "codemirror": "^5.50.0"
      }
    },
    "node_modules/@angular/common": {
      "version": "16.2.1",
      "resolved": "https://registry.npmmirror.com/@angular/common/-/common-16.2.1.tgz",
      "integrity": "sha512-druackA5JQpvfS8cD8DFtPRXGRKbhx3mQ778t1n6x3fXpIdGaAX+nSAgAKhIoF7fxWmu0KuHGzb+3BFlZRyTXw==",
      "peer": true,
      "dependencies": {
        "tslib": "^2.3.0"
      },
      "engines": {
        "node": "^16.14.0 || >=18.10.0"
      },
      "peerDependencies": {
        "@angular/core": "16.2.1",
        "rxjs": "^6.5.3 || ^7.4.0"
      }
    },
    "node_modules/@angular/core": {
      "version": "16.2.1",
      "resolved": "https://registry.npmmirror.com/@angular/core/-/core-16.2.1.tgz",
      "integrity": "sha512-Y+0jssQnJPovxMv9cDKYlp6BBHeFBLOHd/+FPv5IIGD1c7NwBP/TImJxCaIV78a57xnO8L0SFacDg/kULzvKrg==",
      "peer": true,
      "dependencies": {
        "tslib": "^2.3.0"
      },
      "engines": {
        "node": "^16.14.0 || >=18.10.0"
      },
      "peerDependencies": {
        "rxjs": "^6.5.3 || ^7.4.0",
        "zone.js": "~0.13.0"
      }
    },
    "node_modules/codemirror": {
      "version": "5.65.14",
      "resolved": "https://registry.npmmirror.com/codemirror/-/codemirror-5.65.14.tgz",
      "integrity": "sha512-VSNugIBDGt0OU9gDjeVr6fNkoFQznrWEUdAApMlXQNbfE8gGO19776D6MwSqF/V/w/sDwonsQ0z7KmmI9guScg==",
      "peer": true
    },
    "node_modules/rxjs": {
      "version": "7.8.1",
      "resolved": "https://registry.npmmirror.com/rxjs/-/rxjs-7.8.1.tgz",
      "integrity": "sha512-AA3TVj+0A2iuIoQkWEK/tqFjBq2j+6PO6Y0zJcvzLAFhEFIO3HL0vls9hWLncZbAAbK0mar7oZ4V079I/qPMxg==",
      "peer": true,
      "dependencies": {
        "tslib": "^2.1.0"
      }
    },
    "node_modules/tslib": {
      "version": "2.6.1",
      "resolved": "https://registry.npmmirror.com/tslib/-/tslib-2.6.1.tgz",
      "integrity": "sha512-t0hLfiEKfMUoqhG+U1oid7Pva4bbDPHYfJNiB7BiIjRkj1pyC++4N3huJfqY6aRH6VTB0rvtzQwjM4K6qpfOig=="
    },
    "node_modules/zone.js": {
      "version": "0.13.1",
      "resolved": "https://registry.npmmirror.com/zone.js/-/zone.js-0.13.1.tgz",
      "integrity": "sha512-+bIeDAFEBYuXRuU3qGQvzdPap+N1zjM4KkBAiiQuVVCrHrhjDuY6VkUhNa5+U27+9w0q3fbKiMCbpJ0XzMmSWA==",
      "peer": true,
      "dependencies": {
        "tslib": "^2.3.0"
      }
    }
  },
  "dependencies": {
    "@angular/common": {
      "version": "16.2.1",
      "resolved": "https://registry.npmmirror.com/@angular/common/-/common-16.2.1.tgz",
      "integrity": "sha512-druackA5JQpvfS8cD8DFtPRXGRKbhx3mQ778t1n6x3fXpIdGaAX+nSAgAKhIoF7fxWmu0KuHGzb+3BFlZRyTXw==",
      "peer": true,
      "requires": {
        "tslib": "^2.3.0"
      }
    },
    "@angular/core": {
      "version": "16.2.1",
      "resolved": "https://registry.npmmirror.com/@angular/core/-/core-16.2.1.tgz",
      "integrity": "sha512-Y+0jssQnJPovxMv9cDKYlp6BBHeFBLOHd/+FPv5IIGD1c7NwBP/TImJxCaIV78a57xnO8L0SFacDg/kULzvKrg==",
      "peer": true,
      "requires": {
        "tslib": "^2.3.0"
      }
    },
    "codemirror": {
      "version": "5.65.14",
      "resolved": "https://registry.npmmirror.com/codemirror/-/codemirror-5.65.14.tgz",
      "integrity": "sha512-VSNugIBDGt0OU9gDjeVr6fNkoFQznrWEUdAApMlXQNbfE8gGO19776D6MwSqF/V/w/sDwonsQ0z7KmmI9guScg==",
      "peer": true
    },
    "rxjs": {
      "version": "7.8.1",
      "resolved": "https://registry.npmmirror.com/rxjs/-/rxjs-7.8.1.tgz",
      "integrity": "sha512-AA3TVj+0A2iuIoQkWEK/tqFjBq2j+6PO6Y0zJcvzLAFhEFIO3HL0vls9hWLncZbAAbK0mar7oZ4V079I/qPMxg==",
      "peer": true,
      "requires": {
        "tslib": "^2.1.0"
      }
    },
    "tslib": {
      "version": "2.6.1",
      "resolved": "https://registry.npmmirror.com/tslib/-/tslib-2.6.1.tgz",
      "integrity": "sha512-t0hLfiEKfMUoqhG+U1oid7Pva4bbDPHYfJNiB7BiIjRkj1pyC++4N3huJfqY6aRH6VTB0rvtzQwjM4K6qpfOig=="
    },
    "zone.js": {
      "version": "0.13.1",
      "resolved": "https://registry.npmmirror.com/zone.js/-/zone.js-0.13.1.tgz",
      "integrity": "sha512-+bIeDAFEBYuXRuU3qGQvzdPap+N1zjM4KkBAiiQuVVCrHrhjDuY6VkUhNa5+U27+9w0q3fbKiMCbpJ0XzMmSWA==",
      "peer": true,
      "requires": {
        "tslib": "^2.3.0"
      }
    }
  }
}
